// !$*UTF8*$!
{
	archiveVersion = 1;
	classes = {
	};
	objectVersion = 56;
	objects = {

/* Begin PBXBuildFile section */
		667FB5232DDDBEF500A4DB1B /* AnyApp3App.swift in Sources */ = {isa = PBXBuildFile; fileRef = 667FB5222DDDBEF500A4DB1B /* AnyApp3App.swift */; };
		667FB5252DDDBEF500A4DB1B /* ContentView.swift in Sources */ = {isa = PBXBuildFile; fileRef = 667FB5242DDDBEF500A4DB1B /* ContentView.swift */; };
		667FB5272DDDBEF600A4DB1B /* Assets.xcassets in Resources */ = {isa = PBXBuildFile; fileRef = 667FB5262DDDBEF600A4DB1B /* Assets.xcassets */; };
		667FB52A2DDDBEF600A4DB1B /* Preview Assets.xcassets in Resources */ = {isa = PBXBuildFile; fileRef = 667FB5292DDDBEF600A4DB1B /* Preview Assets.xcassets */; };
		667FB5342DDDBEF600A4DB1B /* AnyApp3Tests.swift in Sources */ = {isa = PBXBuildFile; fileRef = 667FB5332DDDBEF600A4DB1B /* AnyApp3Tests.swift */; };
/* End PBXBuildFile section */

/* Begin PBXContainerItemProxy section */
		667FB5302DDDBEF600A4DB1B /* PBXContainerItemProxy */ = {
			isa = PBXContainerItemProxy;
			containerPortal = 667FB5172DDDBEF500A4DB1B /* Project object */;
			proxyType = 1;
			remoteGlobalIDString = 667FB51E2DDDBEF500A4DB1B;
			remoteInfo = AnyApp3;
		};
		667FB53A2DDDBEF600A4DB1B /* PBXContainerItemProxy */ = {
			isa = PBXContainerItemProxy;
			containerPortal = 667FB5172DDDBEF500A4DB1B /* Project object */;
			proxyType = 1;
			remoteGlobalIDString = 667FB51E2DDDBEF500A4DB1B;
			remoteInfo = AnyApp3;
		};
/* End PBXContainerItemProxy section */

/* Begin PBXFileReference section */
		667FB51F2DDDBEF500A4DB1B /* AnyApp3.app */ = {isa = PBXFileReference; explicitFileType = wrapper.application; includeInIndex = 0; path = AnyApp3.app; sourceTree = BUILT_PRODUCTS_DIR; };
		667FB5222DDDBEF500A4DB1B /* AnyApp3App.swift */ = {isa = PBXFileReference; lastKnownFileType = sourcecode.swift; path = AnyApp3App.swift; sourceTree = "<group>"; };
		667FB5242DDDBEF500A4DB1B /* ContentView.swift */ = {isa = PBXFileReference; lastKnownFileType = sourcecode.swift; path = ContentView.swift; sourceTree = "<group>"; };
		667FB5262DDDBEF600A4DB1B /* Assets.xcassets */ = {isa = PBXFileReference; lastKnownFileType = folder.assetcatalog; path = Assets.xcassets; sourceTree = "<group>"; };
		667FB5292DDDBEF600A4DB1B /* Preview Assets.xcassets */ = {isa = PBXFileReference; lastKnownFileType = folder.assetcatalog; path = "Preview Assets.xcassets"; sourceTree = "<group>"; };
		667FB52F2DDDBEF600A4DB1B /* AnyApp3Tests.xctest */ = {isa = PBXFileReference; explicitFileType = wrapper.cfbundle; includeInIndex = 0; path = AnyApp3Tests.xctest; sourceTree = BUILT_PRODUCTS_DIR; };
		667FB5332DDDBEF600A4DB1B /* AnyApp3Tests.swift */ = {isa = PBXFileReference; lastKnownFileType = sourcecode.swift; path = AnyApp3Tests.swift; sourceTree = "<group>"; };
		667FB5392DDDBEF600A4DB1B /* AnyApp3UITests.xctest */ = {isa = PBXFileReference; explicitFileType = wrapper.cfbundle; includeInIndex = 0; path = AnyApp3UITests.xctest; sourceTree = BUILT_PRODUCTS_DIR; };
/* End PBXFileReference section */

/* Begin PBXFrameworksBuildPhase section */
		667FB51C2DDDBEF500A4DB1B /* Frameworks */ = {
			isa = PBXFrameworksBuildPhase;
			buildActionMask = 2147483647;
			files = (
			);
			runOnlyForDeploymentPostprocessing = 0;
		};
		667FB52C2DDDBEF600A4DB1B /* Frameworks */ = {
			isa = PBXFrameworksBuildPhase;
			buildActionMask = 2147483647;
			files = (
			);
			runOnlyForDeploymentPostprocessing = 0;
		};
		667FB5362DDDBEF600A4DB1B /* Frameworks */ = {
			isa = PBXFrameworksBuildPhase;
			buildActionMask = 2147483647;
			files = (
			);
			runOnlyForDeploymentPostprocessing = 0;
		};
/* End PBXFrameworksBuildPhase section */

/* Begin PBXGroup section */
		667FB5162DDDBEF500A4DB1B = {
			isa = PBXGroup;
			children = (
				667FB5212DDDBEF500A4DB1B /* AnyApp3 */,
				667FB5322DDDBEF600A4DB1B /* AnyApp3Tests */,
				667FB5202DDDBEF500A4DB1B /* Products */,
			);
			sourceTree = "<group>";
		};
		667FB5202DDDBEF500A4DB1B /* Products */ = {
			isa = PBXGroup;
			children = (
				667FB51F2DDDBEF500A4DB1B /* AnyApp3.app */,
				667FB52F2DDDBEF600A4DB1B /* AnyApp3Tests.xctest */,
				667FB5392DDDBEF600A4DB1B /* AnyApp3UITests.xctest */,
			);
			name = Products;
			sourceTree = "<group>";
		};
		667FB5212DDDBEF500A4DB1B /* AnyApp3 */ = {
			isa = PBXGroup;
			children = (
				667FB5222DDDBEF500A4DB1B /* AnyApp3App.swift */,
				667FB5242DDDBEF500A4DB1B /* ContentView.swift */,
				667FB5262DDDBEF600A4DB1B /* Assets.xcassets */,
				667FB5282DDDBEF600A4DB1B /* Preview Content */,
			);
			path = AnyApp3;
			sourceTree = "<group>";
		};
		667FB5282DDDBEF600A4DB1B /* Preview Content */ = {
			isa = PBXGroup;
			children = (
				667FB5292DDDBEF600A4DB1B /* Preview Assets.xcassets */,
			);
			path = "Preview Content";
			sourceTree = "<group>";
		};
		667FB5322DDDBEF600A4DB1B /* AnyApp3Tests */ = {
			isa = PBXGroup;
			children = (
				667FB5332DDDBEF600A4DB1B /* AnyApp3Tests.swift */,
			);
			path = AnyApp3Tests;
			sourceTree = "<group>";
		};
/* End PBXGroup section */

/* Begin PBXNativeTarget section */
		667FB51E2DDDBEF500A4DB1B /* AnyApp3 */ = {
			isa = PBXNativeTarget;
			buildConfigurationList = 667FB5432DDDBEF600A4DB1B /* Build configuration list for PBXNativeTarget "AnyApp3" */;
			buildPhases = (
				667FB51B2DDDBEF500A4DB1B /* Sources */,
				667FB51C2DDDBEF500A4DB1B /* Frameworks */,
				667FB51D2DDDBEF500A4DB1B /* Resources */,
			);
			buildRules = (
			);
			dependencies = (
			);
			name = AnyApp3;
			productName = AnyApp3;
			productReference = 667FB51F2DDDBEF500A4DB1B /* AnyApp3.app */;
			productType = "com.apple.product-type.application";
		};
		667FB52E2DDDBEF600A4DB1B /* AnyApp3Tests */ = {
			isa = PBXNativeTarget;
			buildConfigurationList = 667FB5462DDDBEF600A4DB1B /* Build configuration list for PBXNativeTarget "AnyApp3Tests" */;
			buildPhases = (
				667FB52B2DDDBEF600A4DB1B /* Sources */,
				667FB52C2DDDBEF600A4DB1B /* Frameworks */,
				667FB52D2DDDBEF600A4DB1B /* Resources */,
			);
			buildRules = (
			);
			dependencies = (
				667FB5312DDDBEF600A4DB1B /* PBXTargetDependency */,
			);
			name = AnyApp3Tests;
			productName = AnyApp3Tests;
			productReference = 667FB52F2DDDBEF600A4DB1B /* AnyApp3Tests.xctest */;
			productType = "com.apple.product-type.bundle.unit-test";
		};
		667FB5382DDDBEF600A4DB1B /* AnyApp3UITests */ = {
			isa = PBXNativeTarget;
			buildConfigurationList = 667FB5492DDDBEF600A4DB1B /* Build configuration list for PBXNativeTarget "AnyApp3UITests" */;
			buildPhases = (
				667FB5352DDDBEF600A4DB1B /* Sources */,
				667FB5362DDDBEF600A4DB1B /* Frameworks */,
				667FB5372DDDBEF600A4DB1B /* Resources */,
			);
			buildRules = (
			);
			dependencies = (
				667FB53B2DDDBEF600A4DB1B /* PBXTargetDependency */,
			);
			name = AnyApp3UITests;
			productName = AnyApp3UITests;
			productReference = 667FB5392DDDBEF600A4DB1B /* AnyApp3UITests.xctest */;
			productType = "com.apple.product-type.bundle.ui-testing";
		};
/* End PBXNativeTarget section */

/* Begin PBXProject section */
		667FB5172DDDBEF500A4DB1B /* Project object */ = {
			isa = PBXProject;
			attributes = {
				BuildIndependentTargetsInParallel = 1;
				LastSwiftUpdateCheck = 1540;
				LastUpgradeCheck = 1540;
				TargetAttributes = {
					667FB51E2DDDBEF500A4DB1B = {
						CreatedOnToolsVersion = 15.4;
					};
					667FB52E2DDDBEF600A4DB1B = {
						CreatedOnToolsVersion = 15.4;
						TestTargetID = 667FB51E2DDDBEF500A4DB1B;
					};
					667FB5382DDDBEF600A4DB1B = {
						CreatedOnToolsVersion = 15.4;
						TestTargetID = 667FB51E2DDDBEF500A4DB1B;
					};
				};
			};
			buildConfigurationList = 667FB51A2DDDBEF500A4DB1B /* Build configuration list for PBXProject "AnyApp3" */;
			compatibilityVersion = "Xcode 14.0";
			developmentRegion = en;
			hasScannedForEncodings = 0;
			knownRegions = (
				en,
				Base,
			);
			mainGroup = 667FB5162DDDBEF500A4DB1B;
			productRefGroup = 667FB5202DDDBEF500A4DB1B /* Products */;
			projectDirPath = "";
			projectRoot = "";
			targets = (
				667FB51E2DDDBEF500A4DB1B /* AnyApp3 */,
				667FB52E2DDDBEF600A4DB1B /* AnyApp3Tests */,
				667FB5382DDDBEF600A4DB1B /* AnyApp3UITests */,
			);
		};
/* End PBXProject section */

/* Begin PBXResourcesBuildPhase section */
		667FB51D2DDDBEF500A4DB1B /* Resources */ = {
			isa = PBXResourcesBuildPhase;
			buildActionMask = 2147483647;
			files = (
				667FB52A2DDDBEF600A4DB1B /* Preview Assets.xcassets in Resources */,
				667FB5272DDDBEF600A4DB1B /* Assets.xcassets in Resources */,
			);
			runOnlyForDeploymentPostprocessing = 0;
		};
		667FB52D2DDDBEF600A4DB1B /* Resources */ = {
			isa = PBXResourcesBuildPhase;
			buildActionMask = 2147483647;
			files = (
			);
			runOnlyForDeploymentPostprocessing = 0;
		};
		667FB5372DDDBEF600A4DB1B /* Resources */ = {
			isa = PBXResourcesBuildPhase;
			buildActionMask = 2147483647;
			files = (
			);
			runOnlyForDeploymentPostprocessing = 0;
		};
/* End PBXResourcesBuildPhase section */

/* Begin PBXSourcesBuildPhase section */
		667FB51B2DDDBEF500A4DB1B /* Sources */ = {
			isa = PBXSourcesBuildPhase;
			buildActionMask = 2147483647;
			files = (
				667FB5252DDDBEF500A4DB1B /* ContentView.swift in Sources */,
				667FB5232DDDBEF500A4DB1B /* AnyApp3App.swift in Sources */,
			);
			runOnlyForDeploymentPostprocessing = 0;
		};
		667FB52B2DDDBEF600A4DB1B /* Sources */ = {
			isa = PBXSourcesBuildPhase;
			buildActionMask = 2147483647;
			files = (
				667FB5342DDDBEF600A4DB1B /* AnyApp3Tests.swift in Sources */,
			);
			runOnlyForDeploymentPostprocessing = 0;
		};
		667FB5352DDDBEF600A4DB1B /* Sources */ = {
			isa = PBXSourcesBuildPhase;
			buildActionMask = 2147483647;
			files = (
			);
			runOnlyForDeploymentPostprocessing = 0;
		};
/* End PBXSourcesBuildPhase section */

/* Begin PBXTargetDependency section */
		667FB5312DDDBEF600A4DB1B /* PBXTargetDependency */ = {
			isa = PBXTargetDependency;
			target = 667FB51E2DDDBEF500A4DB1B /* AnyApp3 */;
			targetProxy = 667FB5302DDDBEF600A4DB1B /* PBXContainerItemProxy */;
		};
		667FB53B2DDDBEF600A4DB1B /* PBXTargetDependency */ = {
			isa = PBXTargetDependency;
			target = 667FB51E2DDDBEF500A4DB1B /* AnyApp3 */;
			targetProxy = 667FB53A2DDDBEF600A4DB1B /* PBXContainerItemProxy */;
		};
/* End PBXTargetDependency section */

/* Begin XCBuildConfiguration section */
		667FB5412DDDBEF600A4DB1B /* Debug */ = {
			isa = XCBuildConfiguration;
			buildSettings = {
				ALWAYS_SEARCH_USER_PATHS = NO;
				ASSETCATALOG_COMPILER_GENERATE_SWIFT_ASSET_SYMBOL_EXTENSIONS = YES;
				CLANG_ANALYZER_NONNULL = YES;
				CLANG_ANALYZER_NUMBER_OBJECT_CONVERSION = YES_AGGRESSIVE;
				CLANG_CXX_LANGUAGE_STANDARD = "gnu++20";
				CLANG_ENABLE_MODULES = YES;
				CLANG_ENABLE_OBJC_ARC = YES;
				CLANG_ENABLE_OBJC_WEAK = YES;
				CLANG_WARN_BLOCK_CAPTURE_AUTORELEASING = YES;
				CLANG_WARN_BOOL_CONVERSION = YES;
				CLANG_WARN_COMMA = YES;
				CLANG_WARN_CONSTANT_CONVERSION = YES;
				CLANG_WARN_DEPRECATED_OBJC_IMPLEMENTATIONS = YES;
				CLANG_WARN_DIRECT_OBJC_ISA_USAGE = YES_ERROR;
				CLANG_WARN_DOCUMENTATION_COMMENTS = YES;
				CLANG_WARN_EMPTY_BODY = YES;
				CLANG_WARN_ENUM_CONVERSION = YES;
				CLANG_WARN_INFINITE_RECURSION = YES;
				CLANG_WARN_INT_CONVERSION = YES;
				CLANG_WARN_NON_LITERAL_NULL_CONVERSION = YES;
				CLANG_WARN_OBJC_IMPLICIT_RETAIN_SELF = YES;
				CLANG_WARN_OBJC_LITERAL_CONVERSION = YES;
				CLANG_WARN_OBJC_ROOT_CLASS = YES_ERROR;
				CLANG_WARN_QUOTED_INCLUDE_IN_FRAMEWORK_HEADER = YES;
				CLANG_WARN_RANGE_LOOP_ANALYSIS = YES;
				CLANG_WARN_STRICT_PROTOTYPES = YES;
				CLANG_WARN_SUSPICIOUS_MOVE = YES;
				CLANG_WARN_UNGUARDED_AVAILABILITY = YES_AGGRESSIVE;
				CLANG_WARN_UNREACHABLE_CODE = YES;
				CLANG_WARN__DUPLICATE_METHOD_MATCH = YES;
				COPY_PHASE_STRIP = NO;
				DEBUG_INFORMATION_FORMAT = dwarf;
				ENABLE_STRICT_OBJC_MSGSEND = YES;
				ENABLE_TESTABILITY = YES;
				ENABLE_USER_SCRIPT_SANDBOXING = YES;
				GCC_C_LANGUAGE_STANDARD = gnu17;
				GCC_DYNAMIC_NO_PIC = NO;
				GCC_NO_COMMON_BLOCKS = YES;
				GCC_OPTIMIZATION_LEVEL = 0;
				GCC_PREPROCESSOR_DEFINITIONS = (
					"DEBUG=1",
					"$(inherited)",
				);
				GCC_WARN_64_TO_32_BIT_CONVERSION = YES;
				GCC_WARN_ABOUT_RETURN_TYPE = YES_ERROR;
				GCC_WARN_UNDECLARED_SELECTOR = YES;
				GCC_WARN_UNINITIALIZED_AUTOS = YES_AGGRESSIVE;
				GCC_WARN_UNUSED_FUNCTION = YES;
				GCC_WARN_UNUSED_VARIABLE = YES;
				IPHONEOS_DEPLOYMENT_TARGET = 17.5;
				LOCALIZATION_PREFERS_STRING_CATALOGS = YES;
				MTL_ENABLE_DEBUG_INFO = INCLUDE_SOURCE;
				MTL_FAST_MATH = YES;
				ONLY_ACTIVE_ARCH = YES;
				SDKROOT = iphoneos;
				SWIFT_ACTIVE_COMPILATION_CONDITIONS = "DEBUG $(inherited)";
				SWIFT_OPTIMIZATION_LEVEL = "-Onone";
			};
			name = Debug;
		};
		667FB5422DDDBEF600A4DB1B /* Release */ = {
			isa = XCBuildConfiguration;
			buildSettings = {
				ALWAYS_SEARCH_USER_PATHS = NO;
				ASSETCATALOG_COMPILER_GENERATE_SWIFT_ASSET_SYMBOL_EXTENSIONS = YES;
				CLANG_ANALYZER_NONNULL = YES;
				CLANG_ANALYZER_NUMBER_OBJECT_CONVERSION = YES_AGGRESSIVE;
				CLANG_CXX_LANGUAGE_STANDARD = "gnu++20";
				CLANG_ENABLE_MODULES = YES;
				CLANG_ENABLE_OBJC_ARC = YES;
				CLANG_ENABLE_OBJC_WEAK = YES;
				CLANG_WARN_BLOCK_CAPTURE_AUTORELEASING = YES;
				CLANG_WARN_BOOL_CONVERSION = YES;
				CLANG_WARN_COMMA = YES;
				CLANG_WARN_CONSTANT_CONVERSION = YES;
				CLANG_WARN_DEPRECATED_OBJC_IMPLEMENTATIONS = YES;
				CLANG_WARN_DIRECT_OBJC_ISA_USAGE = YES_ERROR;
				CLANG_WARN_DOCUMENTATION_COMMENTS = YES;
				CLANG_WARN_EMPTY_BODY = YES;
				CLANG_WARN_ENUM_CONVERSION = YES;
				CLANG_WARN_INFINITE_RECURSION = YES;
				CLANG_WARN_INT_CONVERSION = YES;
				CLANG_WARN_NON_LITERAL_NULL_CONVERSION = YES;
				CLANG_WARN_OBJC_IMPLICIT_RETAIN_SELF = YES;
				CLANG_WARN_OBJC_LITERAL_CONVERSION = YES;
				CLANG_WARN_OBJC_ROOT_CLASS = YES_ERROR;
				CLANG_WARN_QUOTED_INCLUDE_IN_FRAMEWORK_HEADER = YES;
				CLANG_WARN_RANGE_LOOP_ANALYSIS = YES;
				CLANG_WARN_STRICT_PROTOTYPES = YES;
				CLANG_WARN_SUSPICIOUS_MOVE = YES;
				CLANG_WARN_UNGUARDED_AVAILABILITY = YES_AGGRESSIVE;
				CLANG_WARN_UNREACHABLE_CODE = YES;
				CLANG_WARN__DUPLICATE_METHOD_MATCH = YES;
				COPY_PHASE_STRIP = NO;
				DEBUG_INFORMATION_FORMAT = "dwarf-with-dsym";
				ENABLE_NS_ASSERTIONS = NO;
				ENABLE_STRICT_OBJC_MSGSEND = YES;
				ENABLE_USER_SCRIPT_SANDBOXING = YES;
				GCC_C_LANGUAGE_STANDARD = gnu17;
				GCC_NO_COMMON_BLOCKS = YES;
				GCC_WARN_64_TO_32_BIT_CONVERSION = YES;
				GCC_WARN_ABOUT_RETURN_TYPE = YES_ERROR;
				GCC_WARN_UNDECLARED_SELECTOR = YES;
				GCC_WARN_UNINITIALIZED_AUTOS = YES_AGGRESSIVE;
				GCC_WARN_UNUSED_FUNCTION = YES;
				GCC_WARN_UNUSED_VARIABLE = YES;
				IPHONEOS_DEPLOYMENT_TARGET = 17.5;
				LOCALIZATION_PREFERS_STRING_CATALOGS = YES;
				MTL_ENABLE_DEBUG_INFO = NO;
				MTL_FAST_MATH = YES;
				SDKROOT = iphoneos;
				SWIFT_COMPILATION_MODE = wholemodule;
				VALIDATE_PRODUCT = YES;
			};
			name = Release;
		};
		667FB5442DDDBEF600A4DB1B /* Debug */ = {
			isa = XCBuildConfiguration;
			buildSettings = {
				ASSETCATALOG_COMPILER_APPICON_NAME = AppIcon;
				ASSETCATALOG_COMPILER_GLOBAL_ACCENT_COLOR_NAME = AccentColor;
				CODE_SIGN_STYLE = Automatic;
				CURRENT_PROJECT_VERSION = 1;
				DEVELOPMENT_ASSET_PATHS = "\"AnyApp3/Preview Content\"";
				ENABLE_PREVIEWS = YES;
				GENERATE_INFOPLIST_FILE = YES;
				INFOPLIST_KEY_UIApplicationSceneManifest_Generation = YES;
				INFOPLIST_KEY_UIApplicationSupportsIndirectInputEvents = YES;
				INFOPLIST_KEY_UILaunchScreen_Generation = YES;
				INFOPLIST_KEY_UISupportedInterfaceOrientations_iPad = "UIInterfaceOrientationPortrait UIInterfaceOrientationPortraitUpsideDown UIInterfaceOrientationLandscapeLeft UIInterfaceOrientationLandscapeRight";
				INFOPLIST_KEY_UISupportedInterfaceOrientations_iPhone = "UIInterfaceOrientationPortrait UIInterfaceOrientationLandscapeLeft UIInterfaceOrientationLandscapeRight";
				LD_RUNPATH_SEARCH_PATHS = (
					"$(inherited)",
					"@executable_path/Frameworks",
				);
				MARKETING_VERSION = 1.0;
				PRODUCT_BUNDLE_IDENTIFIER = "gvladislav-52.AnyApp3";
				PRODUCT_NAME = "$(TARGET_NAME)";
				SWIFT_EMIT_LOC_STRINGS = YES;
				SWIFT_VERSION = 5.0;
				TARGETED_DEVICE_FAMILY = "1,2";
			};
			name = Debug;
		};
		667FB5452DDDBEF600A4DB1B /* Release */ = {
			isa = XCBuildConfiguration;
			buildSettings = {
				ASSETCATALOG_COMPILER_APPICON_NAME = AppIcon;
				ASSETCATALOG_COMPILER_GLOBAL_ACCENT_COLOR_NAME = AccentColor;
				CODE_SIGN_STYLE = Automatic;
				CURRENT_PROJECT_VERSION = 1;
				DEVELOPMENT_ASSET_PATHS = "\"AnyApp3/Preview Content\"";
				ENABLE_PREVIEWS = YES;
				GENERATE_INFOPLIST_FILE = YES;
				INFOPLIST_KEY_UIApplicationSceneManifest_Generation = YES;
				INFOPLIST_KEY_UIApplicationSupportsIndirectInputEvents = YES;
				INFOPLIST_KEY_UILaunchScreen_Generation = YES;
				INFOPLIST_KEY_UISupportedInterfaceOrientations_iPad = "UIInterfaceOrientationPortrait UIInterfaceOrientationPortraitUpsideDown UIInterfaceOrientationLandscapeLeft UIInterfaceOrientationLandscapeRight";
				INFOPLIST_KEY_UISupportedInterfaceOrientations_iPhone = "UIInterfaceOrientationPortrait UIInterfaceOrientationLandscapeLeft UIInterfaceOrientationLandscapeRight";
				LD_RUNPATH_SEARCH_PATHS = (
					"$(inherited)",
					"@executable_path/Frameworks",
				);
				MARKETING_VERSION = 1.0;
				PRODUCT_BUNDLE_IDENTIFIER = "gvladislav-52.AnyApp3";
				PRODUCT_NAME = "$(TARGET_NAME)";
				SWIFT_EMIT_LOC_STRINGS = YES;
				SWIFT_VERSION = 5.0;
				TARGETED_DEVICE_FAMILY = "1,2";
			};
			name = Release;
		};
		667FB5472DDDBEF600A4DB1B /* Debug */ = {
			isa = XCBuildConfiguration;
			buildSettings = {
				ALWAYS_EMBED_SWIFT_STANDARD_LIBRARIES = YES;
				BUNDLE_LOADER = "$(TEST_HOST)";
				CODE_SIGN_STYLE = Automatic;
				CURRENT_PROJECT_VERSION = 1;
				GENERATE_INFOPLIST_FILE = YES;
				IPHONEOS_DEPLOYMENT_TARGET = 17.5;
				MARKETING_VERSION = 1.0;
				PRODUCT_BUNDLE_IDENTIFIER = "gvladislav-52.AnyApp3Tests";
				PRODUCT_NAME = "$(TARGET_NAME)";
				SWIFT_EMIT_LOC_STRINGS = NO;
				SWIFT_VERSION = 5.0;
				TARGETED_DEVICE_FAMILY = "1,2";
				TEST_HOST = "$(BUILT_PRODUCTS_DIR)/AnyApp3.app/$(BUNDLE_EXECUTABLE_FOLDER_PATH)/AnyApp3";
			};
			name = Debug;
		};
		667FB5482DDDBEF600A4DB1B /* Release */ = {
			isa = XCBuildConfiguration;
			buildSettings = {
				ALWAYS_EMBED_SWIFT_STANDARD_LIBRARIES = YES;
				BUNDLE_LOADER = "$(TEST_HOST)";
				CODE_SIGN_STYLE = Automatic;
				CURRENT_PROJECT_VERSION = 1;
				GENERATE_INFOPLIST_FILE = YES;
				IPHONEOS_DEPLOYMENT_TARGET = 17.5;
				MARKETING_VERSION = 1.0;
				PRODUCT_BUNDLE_IDENTIFIER = "gvladislav-52.AnyApp3Tests";
				PRODUCT_NAME = "$(TARGET_NAME)";
				SWIFT_EMIT_LOC_STRINGS = NO;
				SWIFT_VERSION = 5.0;
				TARGETED_DEVICE_FAMILY = "1,2";
				TEST_HOST = "$(BUILT_PRODUCTS_DIR)/AnyApp3.app/$(BUNDLE_EXECUTABLE_FOLDER_PATH)/AnyApp3";
			};
			name = Release;
		};
		667FB54A2DDDBEF600A4DB1B /* Debug */ = {
			isa = XCBuildConfiguration;
			buildSettings = {
				ALWAYS_EMBED_SWIFT_STANDARD_LIBRARIES = YES;
				CODE_SIGN_STYLE = Automatic;
				CURRENT_PROJECT_VERSION = 1;
				GENERATE_INFOPLIST_FILE = YES;
				MARKETING_VERSION = 1.0;
				PRODUCT_BUNDLE_IDENTIFIER = "gvladislav-52.AnyApp3UITests";
				PRODUCT_NAME = "$(TARGET_NAME)";
				SWIFT_EMIT_LOC_STRINGS = NO;
				SWIFT_VERSION = 5.0;
				TARGETED_DEVICE_FAMILY = "1,2";
				TEST_TARGET_NAME = AnyApp3;
			};
			name = Debug;
		};
		667FB54B2DDDBEF600A4DB1B /* Release */ = {
			isa = XCBuildConfiguration;
			buildSettings = {
				ALWAYS_EMBED_SWIFT_STANDARD_LIBRARIES = YES;
				CODE_SIGN_STYLE = Automatic;
				CURRENT_PROJECT_VERSION = 1;
				GENERATE_INFOPLIST_FILE = YES;
				MARKETING_VERSION = 1.0;
				PRODUCT_BUNDLE_IDENTIFIER = "gvladislav-52.AnyApp3UITests";
				PRODUCT_NAME = "$(TARGET_NAME)";
				SWIFT_EMIT_LOC_STRINGS = NO;
				SWIFT_VERSION = 5.0;
				TARGETED_DEVICE_FAMILY = "1,2";
				TEST_TARGET_NAME = AnyApp3;
			};
			name = Release;
		};
/* End XCBuildConfiguration section */

/* Begin XCConfigurationList section */
		667FB51A2DDDBEF500A4DB1B /* Build configuration list for PBXProject "AnyApp3" */ = {
			isa = XCConfigurationList;
			buildConfigurations = (
				667FB5412DDDBEF600A4DB1B /* Debug */,
				667FB5422DDDBEF600A4DB1B /* Release */,
			);
			defaultConfigurationIsVisible = 0;
			defaultConfigurationName = Release;
		};
		667FB5432DDDBEF600A4DB1B /* Build configuration list for PBXNativeTarget "AnyApp3" */ = {
			isa = XCConfigurationList;
			buildConfigurations = (
				667FB5442DDDBEF600A4DB1B /* Debug */,
				667FB5452DDDBEF600A4DB1B /* Release */,
			);
			defaultConfigurationIsVisible = 0;
			defaultConfigurationName = Release;
		};
		667FB5462DDDBEF600A4DB1B /* Build configuration list for PBXNativeTarget "AnyApp3Tests" */ = {
			isa = XCConfigurationList;
			buildConfigurations = (
				667FB5472DDDBEF600A4DB1B /* Debug */,
				667FB5482DDDBEF600A4DB1B /* Release */,
			);
			defaultConfigurationIsVisible = 0;
			defaultConfigurationName = Release;
		};
		667FB5492DDDBEF600A4DB1B /* Build configuration list for PBXNativeTarget "AnyApp3UITests" */ = {
			isa = XCConfigurationList;
			buildConfigurations = (
				667FB54A2DDDBEF600A4DB1B /* Debug */,
				667FB54B2DDDBEF600A4DB1B /* Release */,
			);
			defaultConfigurationIsVisible = 0;
			defaultConfigurationName = Release;
		};
/* End XCConfigurationList section */
	};
	rootObject = 667FB5172DDDBEF500A4DB1B /* Project object */;
}
